// !$*UTF8*$!
{
	archiveVersion = 1;
	classes = {
	};
	objectVersion = 56;
	objects = {

/* Begin PBXBuildFile section */
		C2460D3729DD6BE4006A237C /* Work.swift in Sources */ = {isa = PBXBuildFile; fileRef = C2460D3629DD6BE4006A237C /* Work.swift */; };
		C27A5DB529DEE40A00C00786 /* DatabaseManager.swift in Sources */ = {isa = PBXBuildFile; fileRef = C27A5DB429DEE40A00C00786 /* DatabaseManager.swift */; };
		C2B00FB729E4410D0028D874 /* Routine.swift in Sources */ = {isa = PBXBuildFile; fileRef = C2B00FB629E4410D0028D874 /* Routine.swift */; };
		C2D63F0129DBF56C00885BB4 /* FSCalendar in Frameworks */ = {isa = PBXBuildFile; productRef = C2D63F0029DBF56C00885BB4 /* FSCalendar */; };
		C2D63F0329DBF5E700885BB4 /* MainViewController.swift in Sources */ = {isa = PBXBuildFile; fileRef = C2D63F0229DBF5E700885BB4 /* MainViewController.swift */; };
		C2D63F0729DC389200885BB4 /* RoutineViewController.swift in Sources */ = {isa = PBXBuildFile; fileRef = C2D63F0629DC389200885BB4 /* RoutineViewController.swift */; };
		C2DFB56329E02C1700D250DC /* RoutineListCell.swift in Sources */ = {isa = PBXBuildFile; fileRef = C2DFB56129E02C1700D250DC /* RoutineListCell.swift */; };
		C2DFB56429E02C1700D250DC /* RoutineListCell.xib in Resources */ = {isa = PBXBuildFile; fileRef = C2DFB56229E02C1700D250DC /* RoutineListCell.xib */; };
		C2DFB56629E0400C00D250DC /* Constants.swift in Sources */ = {isa = PBXBuildFile; fileRef = C2DFB56529E0400C00D250DC /* Constants.swift */; };
		C2DFB56829E0411900D250DC /* AddWorkViewController.swift in Sources */ = {isa = PBXBuildFile; fileRef = C2DFB56729E0411900D250DC /* AddWorkViewController.swift */; };
		C2E60C6C29DAEDB800164371 /* AppDelegate.swift in Sources */ = {isa = PBXBuildFile; fileRef = C2E60C6B29DAEDB800164371 /* AppDelegate.swift */; };
		C2E60C6E29DAEDB800164371 /* SceneDelegate.swift in Sources */ = {isa = PBXBuildFile; fileRef = C2E60C6D29DAEDB800164371 /* SceneDelegate.swift */; };
		C2E60C7029DAEDB800164371 /* SettingViewController.swift in Sources */ = {isa = PBXBuildFile; fileRef = C2E60C6F29DAEDB800164371 /* SettingViewController.swift */; };
		C2E60C7329DAEDB800164371 /* Main.storyboard in Resources */ = {isa = PBXBuildFile; fileRef = C2E60C7129DAEDB800164371 /* Main.storyboard */; };
		C2E60C7529DAEDB900164371 /* Assets.xcassets in Resources */ = {isa = PBXBuildFile; fileRef = C2E60C7429DAEDB900164371 /* Assets.xcassets */; };
		C2E60C7829DAEDB900164371 /* LaunchScreen.storyboard in Resources */ = {isa = PBXBuildFile; fileRef = C2E60C7629DAEDB900164371 /* LaunchScreen.storyboard */; };
		D2CD3C78E8D00AA085ACE5C3 /* Pods_WOWA.framework in Frameworks */ = {isa = PBXBuildFile; fileRef = C0C94EF4D86BCFF9759B4A8C /* Pods_WOWA.framework */; };
/* End PBXBuildFile section */

/* Begin PBXFileReference section */
		341CB4086113C93705ED81BF /* Pods-WOWA.debug.xcconfig */ = {isa = PBXFileReference; includeInIndex = 1; lastKnownFileType = text.xcconfig; name = "Pods-WOWA.debug.xcconfig"; path = "Target Support Files/Pods-WOWA/Pods-WOWA.debug.xcconfig"; sourceTree = "<group>"; };
		AC1BA1652F76B9008A35AEFF /* Pods-WOWA.release.xcconfig */ = {isa = PBXFileReference; includeInIndex = 1; lastKnownFileType = text.xcconfig; name = "Pods-WOWA.release.xcconfig"; path = "Target Support Files/Pods-WOWA/Pods-WOWA.release.xcconfig"; sourceTree = "<group>"; };
		C0C94EF4D86BCFF9759B4A8C /* Pods_WOWA.framework */ = {isa = PBXFileReference; explicitFileType = wrapper.framework; includeInIndex = 0; path = Pods_WOWA.framework; sourceTree = BUILT_PRODUCTS_DIR; };
		C2460D3629DD6BE4006A237C /* Work.swift */ = {isa = PBXFileReference; lastKnownFileType = sourcecode.swift; path = Work.swift; sourceTree = "<group>"; };
		C27A5DB429DEE40A00C00786 /* DatabaseManager.swift */ = {isa = PBXFileReference; lastKnownFileType = sourcecode.swift; path = DatabaseManager.swift; sourceTree = "<group>"; };
		C2B00FB629E4410D0028D874 /* Routine.swift */ = {isa = PBXFileReference; lastKnownFileType = sourcecode.swift; path = Routine.swift; sourceTree = "<group>"; };
		C2D63F0229DBF5E700885BB4 /* MainViewController.swift */ = {isa = PBXFileReference; lastKnownFileType = sourcecode.swift; path = MainViewController.swift; sourceTree = "<group>"; };
		C2D63F0629DC389200885BB4 /* RoutineViewController.swift */ = {isa = PBXFileReference; lastKnownFileType = sourcecode.swift; path = RoutineViewController.swift; sourceTree = "<group>"; };
		C2DFB56129E02C1700D250DC /* RoutineListCell.swift */ = {isa = PBXFileReference; lastKnownFileType = sourcecode.swift; path = RoutineListCell.swift; sourceTree = "<group>"; };
		C2DFB56229E02C1700D250DC /* RoutineListCell.xib */ = {isa = PBXFileReference; lastKnownFileType = file.xib; path = RoutineListCell.xib; sourceTree = "<group>"; };
		C2DFB56529E0400C00D250DC /* Constants.swift */ = {isa = PBXFileReference; lastKnownFileType = sourcecode.swift; path = Constants.swift; sourceTree = "<group>"; };
		C2DFB56729E0411900D250DC /* AddWorkViewController.swift */ = {isa = PBXFileReference; lastKnownFileType = sourcecode.swift; path = AddWorkViewController.swift; sourceTree = "<group>"; };
		C2E60C6829DAEDB800164371 /* WOWA.app */ = {isa = PBXFileReference; explicitFileType = wrapper.application; includeInIndex = 0; path = WOWA.app; sourceTree = BUILT_PRODUCTS_DIR; };
		C2E60C6B29DAEDB800164371 /* AppDelegate.swift */ = {isa = PBXFileReference; lastKnownFileType = sourcecode.swift; path = AppDelegate.swift; sourceTree = "<group>"; };
		C2E60C6D29DAEDB800164371 /* SceneDelegate.swift */ = {isa = PBXFileReference; lastKnownFileType = sourcecode.swift; path = SceneDelegate.swift; sourceTree = "<group>"; };
		C2E60C6F29DAEDB800164371 /* SettingViewController.swift */ = {isa = PBXFileReference; lastKnownFileType = sourcecode.swift; path = SettingViewController.swift; sourceTree = "<group>"; };
		C2E60C7229DAEDB800164371 /* Base */ = {isa = PBXFileReference; lastKnownFileType = file.storyboard; name = Base; path = Base.lproj/Main.storyboard; sourceTree = "<group>"; };
		C2E60C7429DAEDB900164371 /* Assets.xcassets */ = {isa = PBXFileReference; lastKnownFileType = folder.assetcatalog; path = Assets.xcassets; sourceTree = "<group>"; };
		C2E60C7729DAEDB900164371 /* Base */ = {isa = PBXFileReference; lastKnownFileType = file.storyboard; name = Base; path = Base.lproj/LaunchScreen.storyboard; sourceTree = "<group>"; };
		C2E60C7929DAEDB900164371 /* Info.plist */ = {isa = PBXFileReference; lastKnownFileType = text.plist.xml; path = Info.plist; sourceTree = "<group>"; };
/* End PBXFileReference section */

/* Begin PBXFrameworksBuildPhase section */
		C2E60C6529DAEDB800164371 /* Frameworks */ = {
			isa = PBXFrameworksBuildPhase;
			buildActionMask = 2147483647;
			files = (
				C2D63F0129DBF56C00885BB4 /* FSCalendar in Frameworks */,
				D2CD3C78E8D00AA085ACE5C3 /* Pods_WOWA.framework in Frameworks */,
			);
			runOnlyForDeploymentPostprocessing = 0;
		};
/* End PBXFrameworksBuildPhase section */

/* Begin PBXGroup section */
		33149CF93ADE2B27E5E97344 /* Frameworks */ = {
			isa = PBXGroup;
			children = (
				C0C94EF4D86BCFF9759B4A8C /* Pods_WOWA.framework */,
			);
			name = Frameworks;
			sourceTree = "<group>";
		};
		8109045D89070F80572DF8A8 /* Pods */ = {
			isa = PBXGroup;
			children = (
				341CB4086113C93705ED81BF /* Pods-WOWA.debug.xcconfig */,
				AC1BA1652F76B9008A35AEFF /* Pods-WOWA.release.xcconfig */,
			);
			path = Pods;
			sourceTree = "<group>";
		};
		C20FE14929DAFECC009EF3D0 /* Controller */ = {
			isa = PBXGroup;
			children = (
				C2E60C6F29DAEDB800164371 /* SettingViewController.swift */,
				C2D63F0229DBF5E700885BB4 /* MainViewController.swift */,
				C2D63F0629DC389200885BB4 /* RoutineViewController.swift */,
				C2DFB56729E0411900D250DC /* AddWorkViewController.swift */,
			);
			path = Controller;
			sourceTree = "<group>";
		};
		C20FE14A29DAFEE4009EF3D0 /* View */ = {
			isa = PBXGroup;
			children = (
				C2E60C7129DAEDB800164371 /* Main.storyboard */,
				C2E60C7629DAEDB900164371 /* LaunchScreen.storyboard */,
				C2DFB56129E02C1700D250DC /* RoutineListCell.swift */,
				C2DFB56229E02C1700D250DC /* RoutineListCell.xib */,
			);
			path = View;
			sourceTree = "<group>";
		};
		C2460D3529DD54E1006A237C /* Model */ = {
			isa = PBXGroup;
			children = (
				C2460D3629DD6BE4006A237C /* Work.swift */,
				C27A5DB429DEE40A00C00786 /* DatabaseManager.swift */,
				C2B00FB629E4410D0028D874 /* Routine.swift */,
			);
			path = Model;
			sourceTree = "<group>";
		};
		C2E60C5F29DAEDB800164371 = {
			isa = PBXGroup;
			children = (
				C2E60C6A29DAEDB800164371 /* WOWA */,
				C2E60C6929DAEDB800164371 /* Products */,
				8109045D89070F80572DF8A8 /* Pods */,
				33149CF93ADE2B27E5E97344 /* Frameworks */,
			);
			sourceTree = "<group>";
		};
		C2E60C6929DAEDB800164371 /* Products */ = {
			isa = PBXGroup;
			children = (
				C2E60C6829DAEDB800164371 /* WOWA.app */,
			);
			name = Products;
			sourceTree = "<group>";
		};
		C2E60C6A29DAEDB800164371 /* WOWA */ = {
			isa = PBXGroup;
			children = (
				C2E60C6B29DAEDB800164371 /* AppDelegate.swift */,
				C2E60C6D29DAEDB800164371 /* SceneDelegate.swift */,
				C2460D3529DD54E1006A237C /* Model */,
				C20FE14929DAFECC009EF3D0 /* Controller */,
				C20FE14A29DAFEE4009EF3D0 /* View */,
				C2E60C7429DAEDB900164371 /* Assets.xcassets */,
				C2E60C7929DAEDB900164371 /* Info.plist */,
				C2DFB56529E0400C00D250DC /* Constants.swift */,
			);
			path = WOWA;
			sourceTree = "<group>";
		};
/* End PBXGroup section */

/* Begin PBXNativeTarget section */
		C2E60C6729DAEDB800164371 /* WOWA */ = {
			isa = PBXNativeTarget;
			buildConfigurationList = C2E60C7C29DAEDB900164371 /* Build configuration list for PBXNativeTarget "WOWA" */;
			buildPhases = (
				EB552949DF78940B1FE7B16E /* [CP] Check Pods Manifest.lock */,
				C2E60C6429DAEDB800164371 /* Sources */,
				C2E60C6529DAEDB800164371 /* Frameworks */,
				C2E60C6629DAEDB800164371 /* Resources */,
				BC3B118276F5AFAF7F7275F8 /* [CP] Embed Pods Frameworks */,
			);
			buildRules = (
			);
			dependencies = (
			);
			name = WOWA;
			packageProductDependencies = (
				C2D63F0029DBF56C00885BB4 /* FSCalendar */,
			);
			productName = WOWA;
			productReference = C2E60C6829DAEDB800164371 /* WOWA.app */;
			productType = "com.apple.product-type.application";
		};
/* End PBXNativeTarget section */

/* Begin PBXProject section */
		C2E60C6029DAEDB800164371 /* Project object */ = {
			isa = PBXProject;
			attributes = {
				BuildIndependentTargetsInParallel = 1;
				LastSwiftUpdateCheck = 1420;
				LastUpgradeCheck = 1420;
				TargetAttributes = {
					C2E60C6729DAEDB800164371 = {
						CreatedOnToolsVersion = 14.2;
					};
				};
			};
			buildConfigurationList = C2E60C6329DAEDB800164371 /* Build configuration list for PBXProject "WOWA" */;
			compatibilityVersion = "Xcode 14.0";
			developmentRegion = en;
			hasScannedForEncodings = 0;
			knownRegions = (
				en,
				Base,
			);
			mainGroup = C2E60C5F29DAEDB800164371;
			packageReferences = (
				C2D63EFF29DBF56C00885BB4 /* XCRemoteSwiftPackageReference "FSCalendar" */,
			);
			productRefGroup = C2E60C6929DAEDB800164371 /* Products */;
			projectDirPath = "";
			projectRoot = "";
			targets = (
				C2E60C6729DAEDB800164371 /* WOWA */,
			);
		};
/* End PBXProject section */

/* Begin PBXResourcesBuildPhase section */
		C2E60C6629DAEDB800164371 /* Resources */ = {
			isa = PBXResourcesBuildPhase;
			buildActionMask = 2147483647;
			files = (
				C2DFB56429E02C1700D250DC /* RoutineListCell.xib in Resources */,
				C2E60C7829DAEDB900164371 /* LaunchScreen.storyboard in Resources */,
				C2E60C7529DAEDB900164371 /* Assets.xcassets in Resources */,
				C2E60C7329DAEDB800164371 /* Main.storyboard in Resources */,
			);
			runOnlyForDeploymentPostprocessing = 0;
		};
/* End PBXResourcesBuildPhase section */

/* Begin PBXShellScriptBuildPhase section */
		BC3B118276F5AFAF7F7275F8 /* [CP] Embed Pods Frameworks */ = {
			isa = PBXShellScriptBuildPhase;
			buildActionMask = 2147483647;
			files = (
			);
			inputFileListPaths = (
				"${PODS_ROOT}/Target Support Files/Pods-WOWA/Pods-WOWA-frameworks-${CONFIGURATION}-input-files.xcfilelist",
			);
			name = "[CP] Embed Pods Frameworks";
			outputFileListPaths = (
				"${PODS_ROOT}/Target Support Files/Pods-WOWA/Pods-WOWA-frameworks-${CONFIGURATION}-output-files.xcfilelist",
			);
			runOnlyForDeploymentPostprocessing = 0;
			shellPath = /bin/sh;
			shellScript = "\"${PODS_ROOT}/Target Support Files/Pods-WOWA/Pods-WOWA-frameworks.sh\"\n";
			showEnvVarsInLog = 0;
		};
		EB552949DF78940B1FE7B16E /* [CP] Check Pods Manifest.lock */ = {
			isa = PBXShellScriptBuildPhase;
			buildActionMask = 2147483647;
			files = (
			);
			inputFileListPaths = (
			);
			inputPaths = (
				"${PODS_PODFILE_DIR_PATH}/Podfile.lock",
				"${PODS_ROOT}/Manifest.lock",
			);
			name = "[CP] Check Pods Manifest.lock";
			outputFileListPaths = (
			);
			outputPaths = (
				"$(DERIVED_FILE_DIR)/Pods-WOWA-checkManifestLockResult.txt",
			);
			runOnlyForDeploymentPostprocessing = 0;
			shellPath = /bin/sh;
			shellScript = "diff \"${PODS_PODFILE_DIR_PATH}/Podfile.lock\" \"${PODS_ROOT}/Manifest.lock\" > /dev/null\nif [ $? != 0 ] ; then\n    # print error to STDERR\n    echo \"error: The sandbox is not in sync with the Podfile.lock. Run 'pod install' or update your CocoaPods installation.\" >&2\n    exit 1\nfi\n# This output is used by Xcode 'outputs' to avoid re-running this script phase.\necho \"SUCCESS\" > \"${SCRIPT_OUTPUT_FILE_0}\"\n";
			showEnvVarsInLog = 0;
		};
/* End PBXShellScriptBuildPhase section */

/* Begin PBXSourcesBuildPhase section */
		C2E60C6429DAEDB800164371 /* Sources */ = {
			isa = PBXSourcesBuildPhase;
			buildActionMask = 2147483647;
			files = (
				C2E60C7029DAEDB800164371 /* SettingViewController.swift in Sources */,
				C2460D3729DD6BE4006A237C /* Work.swift in Sources */,
				C2DFB56329E02C1700D250DC /* RoutineListCell.swift in Sources */,
				C2DFB56829E0411900D250DC /* AddWorkViewController.swift in Sources */,
				C2E60C6C29DAEDB800164371 /* AppDelegate.swift in Sources */,
				C2E60C6E29DAEDB800164371 /* SceneDelegate.swift in Sources */,
				C2D63F0329DBF5E700885BB4 /* MainViewController.swift in Sources */,
				C2B00FB729E4410D0028D874 /* Routine.swift in Sources */,
				C2D63F0729DC389200885BB4 /* RoutineViewController.swift in Sources */,
				C27A5DB529DEE40A00C00786 /* DatabaseManager.swift in Sources */,
				C2DFB56629E0400C00D250DC /* Constants.swift in Sources */,
			);
			runOnlyForDeploymentPostprocessing = 0;
		};
/* End PBXSourcesBuildPhase section */

/* Begin PBXVariantGroup section */
		C2E60C7129DAEDB800164371 /* Main.storyboard */ = {
			isa = PBXVariantGroup;
			children = (
				C2E60C7229DAEDB800164371 /* Base */,
			);
			name = Main.storyboard;
			sourceTree = "<group>";
		};
		C2E60C7629DAEDB900164371 /* LaunchScreen.storyboard */ = {
			isa = PBXVariantGroup;
			children = (
				C2E60C7729DAEDB900164371 /* Base */,
			);
			name = LaunchScreen.storyboard;
			sourceTree = "<group>";
		};
/* End PBXVariantGroup section */

/* Begin XCBuildConfiguration section */
		C2E60C7A29DAEDB900164371 /* Debug */ = {
			isa = XCBuildConfiguration;
			buildSettings = {
				ALWAYS_SEARCH_USER_PATHS = NO;
				CLANG_ANALYZER_NONNULL = YES;
				CLANG_ANALYZER_NUMBER_OBJECT_CONVERSION = YES_AGGRESSIVE;
				CLANG_CXX_LANGUAGE_STANDARD = "gnu++20";
				CLANG_ENABLE_MODULES = YES;
				CLANG_ENABLE_OBJC_ARC = YES;
				CLANG_ENABLE_OBJC_WEAK = YES;
				CLANG_WARN_BLOCK_CAPTURE_AUTORELEASING = YES;
				CLANG_WARN_BOOL_CONVERSION = YES;
				CLANG_WARN_COMMA = YES;
				CLANG_WARN_CONSTANT_CONVERSION = YES;
				CLANG_WARN_DEPRECATED_OBJC_IMPLEMENTATIONS = YES;
				CLANG_WARN_DIRECT_OBJC_ISA_USAGE = YES_ERROR;
				CLANG_WARN_DOCUMENTATION_COMMENTS = YES;
				CLANG_WARN_EMPTY_BODY = YES;
				CLANG_WARN_ENUM_CONVERSION = YES;
				CLANG_WARN_INFINITE_RECURSION = YES;
				CLANG_WARN_INT_CONVERSION = YES;
				CLANG_WARN_NON_LITERAL_NULL_CONVERSION = YES;
				CLANG_WARN_OBJC_IMPLICIT_RETAIN_SELF = YES;
				CLANG_WARN_OBJC_LITERAL_CONVERSION = YES;
				CLANG_WARN_OBJC_ROOT_CLASS = YES_ERROR;
				CLANG_WARN_QUOTED_INCLUDE_IN_FRAMEWORK_HEADER = YES;
				CLANG_WARN_RANGE_LOOP_ANALYSIS = YES;
				CLANG_WARN_STRICT_PROTOTYPES = YES;
				CLANG_WARN_SUSPICIOUS_MOVE = YES;
				CLANG_WARN_UNGUARDED_AVAILABILITY = YES_AGGRESSIVE;
				CLANG_WARN_UNREACHABLE_CODE = YES;
				CLANG_WARN__DUPLICATE_METHOD_MATCH = YES;
				COPY_PHASE_STRIP = NO;
				DEBUG_INFORMATION_FORMAT = dwarf;
				ENABLE_STRICT_OBJC_MSGSEND = YES;
				ENABLE_TESTABILITY = YES;
				GCC_C_LANGUAGE_STANDARD = gnu11;
				GCC_DYNAMIC_NO_PIC = NO;
				GCC_NO_COMMON_BLOCKS = YES;
				GCC_OPTIMIZATION_LEVEL = 0;
				GCC_PREPROCESSOR_DEFINITIONS = (
					"DEBUG=1",
					"$(inherited)",
				);
				GCC_WARN_64_TO_32_BIT_CONVERSION = YES;
				GCC_WARN_ABOUT_RETURN_TYPE = YES_ERROR;
				GCC_WARN_UNDECLARED_SELECTOR = YES;
				GCC_WARN_UNINITIALIZED_AUTOS = YES_AGGRESSIVE;
				GCC_WARN_UNUSED_FUNCTION = YES;
				GCC_WARN_UNUSED_VARIABLE = YES;
				IPHONEOS_DEPLOYMENT_TARGET = 16.2;
				MTL_ENABLE_DEBUG_INFO = INCLUDE_SOURCE;
				MTL_FAST_MATH = YES;
				ONLY_ACTIVE_ARCH = YES;
				SDKROOT = iphoneos;
				SWIFT_ACTIVE_COMPILATION_CONDITIONS = DEBUG;
				SWIFT_OPTIMIZATION_LEVEL = "-Onone";
			};
			name = Debug;
		};
		C2E60C7B29DAEDB900164371 /* Release */ = {
			isa = XCBuildConfiguration;
			buildSettings = {
				ALWAYS_SEARCH_USER_PATHS = NO;
				CLANG_ANALYZER_NONNULL = YES;
				CLANG_ANALYZER_NUMBER_OBJECT_CONVERSION = YES_AGGRESSIVE;
				CLANG_CXX_LANGUAGE_STANDARD = "gnu++20";
				CLANG_ENABLE_MODULES = YES;
				CLANG_ENABLE_OBJC_ARC = YES;
				CLANG_ENABLE_OBJC_WEAK = YES;
				CLANG_WARN_BLOCK_CAPTURE_AUTORELEASING = YES;
				CLANG_WARN_BOOL_CONVERSION = YES;
				CLANG_WARN_COMMA = YES;
				CLANG_WARN_CONSTANT_CONVERSION = YES;
				CLANG_WARN_DEPRECATED_OBJC_IMPLEMENTATIONS = YES;
				CLANG_WARN_DIRECT_OBJC_ISA_USAGE = YES_ERROR;
				CLANG_WARN_DOCUMENTATION_COMMENTS = YES;
				CLANG_WARN_EMPTY_BODY = YES;
				CLANG_WARN_ENUM_CONVERSION = YES;
				CLANG_WARN_INFINITE_RECURSION = YES;
				CLANG_WARN_INT_CONVERSION = YES;
				CLANG_WARN_NON_LITERAL_NULL_CONVERSION = YES;
				CLANG_WARN_OBJC_IMPLICIT_RETAIN_SELF = YES;
				CLANG_WARN_OBJC_LITERAL_CONVERSION = YES;
				CLANG_WARN_OBJC_ROOT_CLASS = YES_ERROR;
				CLANG_WARN_QUOTED_INCLUDE_IN_FRAMEWORK_HEADER = YES;
				CLANG_WARN_RANGE_LOOP_ANALYSIS = YES;
				CLANG_WARN_STRICT_PROTOTYPES = YES;
				CLANG_WARN_SUSPICIOUS_MOVE = YES;
				CLANG_WARN_UNGUARDED_AVAILABILITY = YES_AGGRESSIVE;
				CLANG_WARN_UNREACHABLE_CODE = YES;
				CLANG_WARN__DUPLICATE_METHOD_MATCH = YES;
				COPY_PHASE_STRIP = NO;
				DEBUG_INFORMATION_FORMAT = "dwarf-with-dsym";
				ENABLE_NS_ASSERTIONS = NO;
				ENABLE_STRICT_OBJC_MSGSEND = YES;
				GCC_C_LANGUAGE_STANDARD = gnu11;
				GCC_NO_COMMON_BLOCKS = YES;
				GCC_WARN_64_TO_32_BIT_CONVERSION = YES;
				GCC_WARN_ABOUT_RETURN_TYPE = YES_ERROR;
				GCC_WARN_UNDECLARED_SELECTOR = YES;
				GCC_WARN_UNINITIALIZED_AUTOS = YES_AGGRESSIVE;
				GCC_WARN_UNUSED_FUNCTION = YES;
				GCC_WARN_UNUSED_VARIABLE = YES;
				IPHONEOS_DEPLOYMENT_TARGET = 16.2;
				MTL_ENABLE_DEBUG_INFO = NO;
				MTL_FAST_MATH = YES;
				SDKROOT = iphoneos;
				SWIFT_COMPILATION_MODE = wholemodule;
				SWIFT_OPTIMIZATION_LEVEL = "-O";
				VALIDATE_PRODUCT = YES;
			};
			name = Release;
		};
		C2E60C7D29DAEDB900164371 /* Debug */ = {
			isa = XCBuildConfiguration;
			baseConfigurationReference = 341CB4086113C93705ED81BF /* Pods-WOWA.debug.xcconfig */;
			buildSettings = {
				ASSETCATALOG_COMPILER_APPICON_NAME = AppIcon;
				ASSETCATALOG_COMPILER_GLOBAL_ACCENT_COLOR_NAME = AccentColor;
				CODE_SIGN_STYLE = Automatic;
				CURRENT_PROJECT_VERSION = 1;
				DEVELOPMENT_TEAM = ULF3FT8T5G;
				GENERATE_INFOPLIST_FILE = YES;
				INFOPLIST_FILE = WOWA/Info.plist;
				INFOPLIST_KEY_UIApplicationSupportsIndirectInputEvents = YES;
				INFOPLIST_KEY_UILaunchStoryboardName = LaunchScreen;
				INFOPLIST_KEY_UIMainStoryboardFile = Main;
				INFOPLIST_KEY_UISupportedInterfaceOrientations_iPad = "UIInterfaceOrientationPortrait UIInterfaceOrientationPortraitUpsideDown UIInterfaceOrientationLandscapeLeft UIInterfaceOrientationLandscapeRight";
				INFOPLIST_KEY_UISupportedInterfaceOrientations_iPhone = "UIInterfaceOrientationPortrait UIInterfaceOrientationLandscapeLeft UIInterfaceOrientationLandscapeRight";
				LD_RUNPATH_SEARCH_PATHS = (
					"$(inherited)",
					"@executable_path/Frameworks",
				);
				MARKETING_VERSION = 1.0;
				PRODUCT_BUNDLE_IDENTIFIER = "com.nu-jey.WOWA";
				PRODUCT_NAME = "$(TARGET_NAME)";
				SWIFT_EMIT_LOC_STRINGS = YES;
				SWIFT_VERSION = 5.0;
				TARGETED_DEVICE_FAMILY = "1,2";
			};
			name = Debug;
		};
		C2E60C7E29DAEDB900164371 /* Release */ = {
			isa = XCBuildConfiguration;
			baseConfigurationReference = AC1BA1652F76B9008A35AEFF /* Pods-WOWA.release.xcconfig */;
			buildSettings = {
				ASSETCATALOG_COMPILER_APPICON_NAME = AppIcon;
				ASSETCATALOG_COMPILER_GLOBAL_ACCENT_COLOR_NAME = AccentColor;
				CODE_SIGN_STYLE = Automatic;
				CURRENT_PROJECT_VERSION = 1;
				DEVELOPMENT_TEAM = ULF3FT8T5G;
				GENERATE_INFOPLIST_FILE = YES;
				INFOPLIST_FILE = WOWA/Info.plist;
				INFOPLIST_KEY_UIApplicationSupportsIndirectInputEvents = YES;
				INFOPLIST_KEY_UILaunchStoryboardName = LaunchScreen;
				INFOPLIST_KEY_UIMainStoryboardFile = Main;
				INFOPLIST_KEY_UISupportedInterfaceOrientations_iPad = "UIInterfaceOrientationPortrait UIInterfaceOrientationPortraitUpsideDown UIInterfaceOrientationLandscapeLeft UIInterfaceOrientationLandscapeRight";
				INFOPLIST_KEY_UISupportedInterfaceOrientations_iPhone = "UIInterfaceOrientationPortrait UIInterfaceOrientationLandscapeLeft UIInterfaceOrientationLandscapeRight";
				LD_RUNPATH_SEARCH_PATHS = (
					"$(inherited)",
					"@executable_path/Frameworks",
				);
				MARKETING_VERSION = 1.0;
				PRODUCT_BUNDLE_IDENTIFIER = "com.nu-jey.WOWA";
				PRODUCT_NAME = "$(TARGET_NAME)";
				SWIFT_EMIT_LOC_STRINGS = YES;
				SWIFT_VERSION = 5.0;
				TARGETED_DEVICE_FAMILY = "1,2";
			};
			name = Release;
		};
/* End XCBuildConfiguration section */

/* Begin XCConfigurationList section */
		C2E60C6329DAEDB800164371 /* Build configuration list for PBXProject "WOWA" */ = {
			isa = XCConfigurationList;
			buildConfigurations = (
				C2E60C7A29DAEDB900164371 /* Debug */,
				C2E60C7B29DAEDB900164371 /* Release */,
			);
			defaultConfigurationIsVisible = 0;
			defaultConfigurationName = Release;
		};
		C2E60C7C29DAEDB900164371 /* Build configuration list for PBXNativeTarget "WOWA" */ = {
			isa = XCConfigurationList;
			buildConfigurations = (
				C2E60C7D29DAEDB900164371 /* Debug */,
				C2E60C7E29DAEDB900164371 /* Release */,
			);
			defaultConfigurationIsVisible = 0;
			defaultConfigurationName = Release;
		};
/* End XCConfigurationList section */

/* Begin XCRemoteSwiftPackageReference section */
		C2D63EFF29DBF56C00885BB4 /* XCRemoteSwiftPackageReference "FSCalendar" */ = {
			isa = XCRemoteSwiftPackageReference;
			repositoryURL = "https://github.com/WenchaoD/FSCalendar.git";
			requirement = {
				kind = upToNextMajorVersion;
				minimumVersion = 2.0.0;
			};
		};
/* End XCRemoteSwiftPackageReference section */

/* Begin XCSwiftPackageProductDependency section */
		C2D63F0029DBF56C00885BB4 /* FSCalendar */ = {
			isa = XCSwiftPackageProductDependency;
			package = C2D63EFF29DBF56C00885BB4 /* XCRemoteSwiftPackageReference "FSCalendar" */;
			productName = FSCalendar;
		};
/* End XCSwiftPackageProductDependency section */
	};
	rootObject = C2E60C6029DAEDB800164371 /* Project object */;
}
