// !$*UTF8*$!
{
	archiveVersion = 1;
	classes = {
	};
	objectVersion = 56;
	objects = {

/* Begin PBXBuildFile section */
		C2034AD829E5955500491FA5 /* MyViewCotroller.swift in Sources */ = {isa = PBXBuildFile; fileRef = C2034AD729E5955500491FA5 /* MyViewCotroller.swift */; };
		C2225A892A30A7C600C10ECF /* DatabaseManager.swift in Sources */ = {isa = PBXBuildFile; fileRef = C27A5DB429DEE40A00C00786 /* DatabaseManager.swift */; };
		C224F7CE29F6B83B00105042 /* AddRoutineViewController.swift in Sources */ = {isa = PBXBuildFile; fileRef = C224F7CD29F6B83B00105042 /* AddRoutineViewController.swift */; };
		C23A41132A16155A00A99590 /* SettingInfo.swift in Sources */ = {isa = PBXBuildFile; fileRef = C23A41122A16155A00A99590 /* SettingInfo.swift */; };
		C23AEB9E2A2C75230080F771 /* Realm in Frameworks */ = {isa = PBXBuildFile; productRef = C23AEB9D2A2C75220080F771 /* Realm */; };
		C23AEBA02A2C75230080F771 /* RealmSwift in Frameworks */ = {isa = PBXBuildFile; productRef = C23AEB9F2A2C75230080F771 /* RealmSwift */; };
		C23AEBA22A2C760F0080F771 /* Schedule.swift in Sources */ = {isa = PBXBuildFile; fileRef = C2CE553629E981170035E2C1 /* Schedule.swift */; };
		C23AEBA32A2C760F0080F771 /* Gym.swift in Sources */ = {isa = PBXBuildFile; fileRef = C2E6E8742A13AFB7001B669D /* Gym.swift */; };
		C23AEBA42A2C760F0080F771 /* Routine.swift in Sources */ = {isa = PBXBuildFile; fileRef = C2B00FB629E4410D0028D874 /* Routine.swift */; };
		C23AEBA52A2C760F0080F771 /* Work.swift in Sources */ = {isa = PBXBuildFile; fileRef = C2460D3629DD6BE4006A237C /* Work.swift */; };
		C23AEBA62A2C760F0080F771 /* Weight.swift in Sources */ = {isa = PBXBuildFile; fileRef = C297631929F3D2A10056B211 /* Weight.swift */; };
		C23AEBA72A2C760F0080F771 /* SettingInfo.swift in Sources */ = {isa = PBXBuildFile; fileRef = C23A41122A16155A00A99590 /* SettingInfo.swift */; };
		C2460D3729DD6BE4006A237C /* Work.swift in Sources */ = {isa = PBXBuildFile; fileRef = C2460D3629DD6BE4006A237C /* Work.swift */; };
		C27A5DB529DEE40A00C00786 /* DatabaseManager.swift in Sources */ = {isa = PBXBuildFile; fileRef = C27A5DB429DEE40A00C00786 /* DatabaseManager.swift */; };
		C287758E2A330930001F3EE1 /* RoutineTableHeader.swift in Sources */ = {isa = PBXBuildFile; fileRef = C287758C2A330930001F3EE1 /* RoutineTableHeader.swift */; };
		C287758F2A330930001F3EE1 /* RoutineTableHeader.xib in Resources */ = {isa = PBXBuildFile; fileRef = C287758D2A330930001F3EE1 /* RoutineTableHeader.xib */; };
		C291EAA22A30A572009F17D0 /* Assistant.swift in Sources */ = {isa = PBXBuildFile; fileRef = C2F6C0A12A2D7BAB0086F033 /* Assistant.swift */; };
		C292DBD429E6747D00EB97C8 /* NewRoutineViewController.swift in Sources */ = {isa = PBXBuildFile; fileRef = C292DBD329E6747D00EB97C8 /* NewRoutineViewController.swift */; };
		C292DBD629E6750E00EB97C8 /* EditRoutineViewController.swift in Sources */ = {isa = PBXBuildFile; fileRef = C292DBD529E6750E00EB97C8 /* EditRoutineViewController.swift */; };
		C293C96F2A01458300987CA5 /* Highcharts in Frameworks */ = {isa = PBXBuildFile; productRef = C293C96E2A01458300987CA5 /* Highcharts */; };
		C297631A29F3D2A10056B211 /* Weight.swift in Sources */ = {isa = PBXBuildFile; fileRef = C297631929F3D2A10056B211 /* Weight.swift */; };
		C2A0A6B92A237CA5003C8F02 /* WOWATACHApp.swift in Sources */ = {isa = PBXBuildFile; fileRef = C2A0A6B82A237CA5003C8F02 /* WOWATACHApp.swift */; };
		C2A0A6BB2A237CA5003C8F02 /* CountView.swift in Sources */ = {isa = PBXBuildFile; fileRef = C2A0A6BA2A237CA5003C8F02 /* CountView.swift */; };
		C2A0A6BD2A237CA6003C8F02 /* Assets.xcassets in Resources */ = {isa = PBXBuildFile; fileRef = C2A0A6BC2A237CA6003C8F02 /* Assets.xcassets */; };
		C2A0A6C02A237CA6003C8F02 /* Preview Assets.xcassets in Resources */ = {isa = PBXBuildFile; fileRef = C2A0A6BF2A237CA6003C8F02 /* Preview Assets.xcassets */; };
		C2A0A6C32A237CA6003C8F02 /* WOWATACH Watch App.app in Embed Watch Content */ = {isa = PBXBuildFile; fileRef = C2A0A6B62A237CA5003C8F02 /* WOWATACH Watch App.app */; settings = {ATTRIBUTES = (RemoveHeadersOnCopy, ); }; };
		C2A0A6C82A238072003C8F02 /* Constants.swift in Sources */ = {isa = PBXBuildFile; fileRef = C2DFB56529E0400C00D250DC /* Constants.swift */; };
		C2B00FB729E4410D0028D874 /* Routine.swift in Sources */ = {isa = PBXBuildFile; fileRef = C2B00FB629E4410D0028D874 /* Routine.swift */; };
		C2C21CAF2A26E6E7009C0807 /* MainView.swift in Sources */ = {isa = PBXBuildFile; fileRef = C2C21CAE2A26E6E7009C0807 /* MainView.swift */; };
		C2C21CB22A26EEC4009C0807 /* RoutineView.swift in Sources */ = {isa = PBXBuildFile; fileRef = C2C21CB12A26EEC4009C0807 /* RoutineView.swift */; };
		C2C5944829F2A25200ED847B /* MainTableViewCell.swift in Sources */ = {isa = PBXBuildFile; fileRef = C2C5944629F2A25200ED847B /* MainTableViewCell.swift */; };
		C2C5944929F2A25200ED847B /* MainTableViewCell.xib in Resources */ = {isa = PBXBuildFile; fileRef = C2C5944729F2A25200ED847B /* MainTableViewCell.xib */; };
		C2CE553729E981170035E2C1 /* Schedule.swift in Sources */ = {isa = PBXBuildFile; fileRef = C2CE553629E981170035E2C1 /* Schedule.swift */; };
		C2D63F0129DBF56C00885BB4 /* FSCalendar in Frameworks */ = {isa = PBXBuildFile; productRef = C2D63F0029DBF56C00885BB4 /* FSCalendar */; };
		C2D63F0329DBF5E700885BB4 /* MainViewController.swift in Sources */ = {isa = PBXBuildFile; fileRef = C2D63F0229DBF5E700885BB4 /* MainViewController.swift */; };
		C2D63F0729DC389200885BB4 /* RoutineViewController.swift in Sources */ = {isa = PBXBuildFile; fileRef = C2D63F0629DC389200885BB4 /* RoutineViewController.swift */; };
		C2DFB56329E02C1700D250DC /* RoutineListCell.swift in Sources */ = {isa = PBXBuildFile; fileRef = C2DFB56129E02C1700D250DC /* RoutineListCell.swift */; };
		C2DFB56429E02C1700D250DC /* RoutineListCell.xib in Resources */ = {isa = PBXBuildFile; fileRef = C2DFB56229E02C1700D250DC /* RoutineListCell.xib */; };
		C2DFB56629E0400C00D250DC /* Constants.swift in Sources */ = {isa = PBXBuildFile; fileRef = C2DFB56529E0400C00D250DC /* Constants.swift */; };
		C2DFB56829E0411900D250DC /* AddWorkViewController.swift in Sources */ = {isa = PBXBuildFile; fileRef = C2DFB56729E0411900D250DC /* AddWorkViewController.swift */; };
		C2E60C6C29DAEDB800164371 /* AppDelegate.swift in Sources */ = {isa = PBXBuildFile; fileRef = C2E60C6B29DAEDB800164371 /* AppDelegate.swift */; };
		C2E60C6E29DAEDB800164371 /* SceneDelegate.swift in Sources */ = {isa = PBXBuildFile; fileRef = C2E60C6D29DAEDB800164371 /* SceneDelegate.swift */; };
		C2E60C7029DAEDB800164371 /* SettingViewController.swift in Sources */ = {isa = PBXBuildFile; fileRef = C2E60C6F29DAEDB800164371 /* SettingViewController.swift */; };
		C2E60C7329DAEDB800164371 /* Main.storyboard in Resources */ = {isa = PBXBuildFile; fileRef = C2E60C7129DAEDB800164371 /* Main.storyboard */; };
		C2E60C7529DAEDB900164371 /* Assets.xcassets in Resources */ = {isa = PBXBuildFile; fileRef = C2E60C7429DAEDB900164371 /* Assets.xcassets */; };
		C2E60C7829DAEDB900164371 /* LaunchScreen.storyboard in Resources */ = {isa = PBXBuildFile; fileRef = C2E60C7629DAEDB900164371 /* LaunchScreen.storyboard */; };
		C2E6E8732A13A6AF001B669D /* InfoViewController.swift in Sources */ = {isa = PBXBuildFile; fileRef = C2E6E8722A13A6AF001B669D /* InfoViewController.swift */; };
		C2E6E8752A13AFB7001B669D /* Gym.swift in Sources */ = {isa = PBXBuildFile; fileRef = C2E6E8742A13AFB7001B669D /* Gym.swift */; };
		C2F31E2E2A1CF8E700C03DE3 /* KakaoSDK in Frameworks */ = {isa = PBXBuildFile; productRef = C2F31E2D2A1CF8E700C03DE3 /* KakaoSDK */; };
		C2F6C09C2A2D7B160086F033 /* SessionDelegator.swift in Sources */ = {isa = PBXBuildFile; fileRef = C2F6C09B2A2D7B160086F033 /* SessionDelegator.swift */; };
		C2F6C09D2A2D7B180086F033 /* SessionDelegator.swift in Sources */ = {isa = PBXBuildFile; fileRef = C2F6C09B2A2D7B160086F033 /* SessionDelegator.swift */; };
		C2F6C0A22A2D7BAB0086F033 /* Assistant.swift in Sources */ = {isa = PBXBuildFile; fileRef = C2F6C0A12A2D7BAB0086F033 /* Assistant.swift */; };
		C2F6C0A52A2D7D5D0086F033 /* ComplicationController.swift in Sources */ = {isa = PBXBuildFile; fileRef = C2F6C0A42A2D7D5D0086F033 /* ComplicationController.swift */; };
		D2CD3C78E8D00AA085ACE5C3 /* Pods_WOWA.framework in Frameworks */ = {isa = PBXBuildFile; fileRef = C0C94EF4D86BCFF9759B4A8C /* Pods_WOWA.framework */; };
/* End PBXBuildFile section */

/* Begin PBXContainerItemProxy section */
		C2A0A6C12A237CA6003C8F02 /* PBXContainerItemProxy */ = {
			isa = PBXContainerItemProxy;
			containerPortal = C2E60C6029DAEDB800164371 /* Project object */;
			proxyType = 1;
			remoteGlobalIDString = C2A0A6B52A237CA5003C8F02;
			remoteInfo = "WOWATACH Watch App";
		};
/* End PBXContainerItemProxy section */

/* Begin PBXCopyFilesBuildPhase section */
		C2A0A6C42A237CA6003C8F02 /* Embed Watch Content */ = {
			isa = PBXCopyFilesBuildPhase;
			buildActionMask = 2147483647;
			dstPath = "$(CONTENTS_FOLDER_PATH)/Watch";
			dstSubfolderSpec = 16;
			files = (
				C2A0A6C32A237CA6003C8F02 /* WOWATACH Watch App.app in Embed Watch Content */,
			);
			name = "Embed Watch Content";
			runOnlyForDeploymentPostprocessing = 0;
		};
/* End PBXCopyFilesBuildPhase section */

/* Begin PBXFileReference section */
		341CB4086113C93705ED81BF /* Pods-WOWA.debug.xcconfig */ = {isa = PBXFileReference; includeInIndex = 1; lastKnownFileType = text.xcconfig; name = "Pods-WOWA.debug.xcconfig"; path = "Target Support Files/Pods-WOWA/Pods-WOWA.debug.xcconfig"; sourceTree = "<group>"; };
		AC1BA1652F76B9008A35AEFF /* Pods-WOWA.release.xcconfig */ = {isa = PBXFileReference; includeInIndex = 1; lastKnownFileType = text.xcconfig; name = "Pods-WOWA.release.xcconfig"; path = "Target Support Files/Pods-WOWA/Pods-WOWA.release.xcconfig"; sourceTree = "<group>"; };
		C0C94EF4D86BCFF9759B4A8C /* Pods_WOWA.framework */ = {isa = PBXFileReference; explicitFileType = wrapper.framework; includeInIndex = 0; path = Pods_WOWA.framework; sourceTree = BUILT_PRODUCTS_DIR; };
		C2034AD729E5955500491FA5 /* MyViewCotroller.swift */ = {isa = PBXFileReference; lastKnownFileType = sourcecode.swift; path = MyViewCotroller.swift; sourceTree = "<group>"; };
		C224F7CD29F6B83B00105042 /* AddRoutineViewController.swift */ = {isa = PBXFileReference; lastKnownFileType = sourcecode.swift; path = AddRoutineViewController.swift; sourceTree = "<group>"; };
		C23A41122A16155A00A99590 /* SettingInfo.swift */ = {isa = PBXFileReference; lastKnownFileType = sourcecode.swift; path = SettingInfo.swift; sourceTree = "<group>"; };
		C23AEB9A2A2C70970080F771 /* WOWA.entitlements */ = {isa = PBXFileReference; lastKnownFileType = text.plist.entitlements; path = WOWA.entitlements; sourceTree = "<group>"; };
		C23AEBA82A2C78C00080F771 /* WOWATACH Watch App.entitlements */ = {isa = PBXFileReference; lastKnownFileType = text.plist.entitlements; path = "WOWATACH Watch App.entitlements"; sourceTree = "<group>"; };
		C2460D3629DD6BE4006A237C /* Work.swift */ = {isa = PBXFileReference; lastKnownFileType = sourcecode.swift; path = Work.swift; sourceTree = "<group>"; };
		C27A5DB429DEE40A00C00786 /* DatabaseManager.swift */ = {isa = PBXFileReference; lastKnownFileType = sourcecode.swift; path = DatabaseManager.swift; sourceTree = "<group>"; };
		C287758C2A330930001F3EE1 /* RoutineTableHeader.swift */ = {isa = PBXFileReference; lastKnownFileType = sourcecode.swift; path = RoutineTableHeader.swift; sourceTree = "<group>"; };
		C287758D2A330930001F3EE1 /* RoutineTableHeader.xib */ = {isa = PBXFileReference; lastKnownFileType = file.xib; path = RoutineTableHeader.xib; sourceTree = "<group>"; };
		C292DBD329E6747D00EB97C8 /* NewRoutineViewController.swift */ = {isa = PBXFileReference; lastKnownFileType = sourcecode.swift; path = NewRoutineViewController.swift; sourceTree = "<group>"; };
		C292DBD529E6750E00EB97C8 /* EditRoutineViewController.swift */ = {isa = PBXFileReference; lastKnownFileType = sourcecode.swift; path = EditRoutineViewController.swift; sourceTree = "<group>"; };
		C297631929F3D2A10056B211 /* Weight.swift */ = {isa = PBXFileReference; lastKnownFileType = sourcecode.swift; path = Weight.swift; sourceTree = "<group>"; };
		C2A0A6B62A237CA5003C8F02 /* WOWATACH Watch App.app */ = {isa = PBXFileReference; explicitFileType = wrapper.application; includeInIndex = 0; path = "WOWATACH Watch App.app"; sourceTree = BUILT_PRODUCTS_DIR; };
		C2A0A6B82A237CA5003C8F02 /* WOWATACHApp.swift */ = {isa = PBXFileReference; lastKnownFileType = sourcecode.swift; path = WOWATACHApp.swift; sourceTree = "<group>"; };
		C2A0A6BA2A237CA5003C8F02 /* CountView.swift */ = {isa = PBXFileReference; lastKnownFileType = sourcecode.swift; path = CountView.swift; sourceTree = "<group>"; };
		C2A0A6BC2A237CA6003C8F02 /* Assets.xcassets */ = {isa = PBXFileReference; lastKnownFileType = folder.assetcatalog; path = Assets.xcassets; sourceTree = "<group>"; };
		C2A0A6BF2A237CA6003C8F02 /* Preview Assets.xcassets */ = {isa = PBXFileReference; lastKnownFileType = folder.assetcatalog; path = "Preview Assets.xcassets"; sourceTree = "<group>"; };
		C2B00FB629E4410D0028D874 /* Routine.swift */ = {isa = PBXFileReference; lastKnownFileType = sourcecode.swift; path = Routine.swift; sourceTree = "<group>"; };
		C2B516772A4C642200801999 /* README.md */ = {isa = PBXFileReference; lastKnownFileType = net.daringfireball.markdown; path = README.md; sourceTree = "<group>"; };
		C2B516782A4C662700801999 /* main.ino */ = {isa = PBXFileReference; lastKnownFileType = text; path = main.ino; sourceTree = "<group>"; };
		C2C21CAE2A26E6E7009C0807 /* MainView.swift */ = {isa = PBXFileReference; lastKnownFileType = sourcecode.swift; path = MainView.swift; sourceTree = "<group>"; };
		C2C21CB12A26EEC4009C0807 /* RoutineView.swift */ = {isa = PBXFileReference; lastKnownFileType = sourcecode.swift; path = RoutineView.swift; sourceTree = "<group>"; };
		C2C5944629F2A25200ED847B /* MainTableViewCell.swift */ = {isa = PBXFileReference; lastKnownFileType = sourcecode.swift; path = MainTableViewCell.swift; sourceTree = "<group>"; };
		C2C5944729F2A25200ED847B /* MainTableViewCell.xib */ = {isa = PBXFileReference; lastKnownFileType = file.xib; path = MainTableViewCell.xib; sourceTree = "<group>"; };
		C2CE553629E981170035E2C1 /* Schedule.swift */ = {isa = PBXFileReference; lastKnownFileType = sourcecode.swift; path = Schedule.swift; sourceTree = "<group>"; };
		C2D63F0229DBF5E700885BB4 /* MainViewController.swift */ = {isa = PBXFileReference; lastKnownFileType = sourcecode.swift; path = MainViewController.swift; sourceTree = "<group>"; };
		C2D63F0629DC389200885BB4 /* RoutineViewController.swift */ = {isa = PBXFileReference; lastKnownFileType = sourcecode.swift; path = RoutineViewController.swift; sourceTree = "<group>"; };
		C2DFB56129E02C1700D250DC /* RoutineListCell.swift */ = {isa = PBXFileReference; lastKnownFileType = sourcecode.swift; path = RoutineListCell.swift; sourceTree = "<group>"; };
		C2DFB56229E02C1700D250DC /* RoutineListCell.xib */ = {isa = PBXFileReference; lastKnownFileType = file.xib; path = RoutineListCell.xib; sourceTree = "<group>"; };
		C2DFB56529E0400C00D250DC /* Constants.swift */ = {isa = PBXFileReference; lastKnownFileType = sourcecode.swift; path = Constants.swift; sourceTree = "<group>"; };
		C2DFB56729E0411900D250DC /* AddWorkViewController.swift */ = {isa = PBXFileReference; lastKnownFileType = sourcecode.swift; path = AddWorkViewController.swift; sourceTree = "<group>"; };
		C2E60C6829DAEDB800164371 /* WOWA.app */ = {isa = PBXFileReference; explicitFileType = wrapper.application; includeInIndex = 0; path = WOWA.app; sourceTree = BUILT_PRODUCTS_DIR; };
		C2E60C6B29DAEDB800164371 /* AppDelegate.swift */ = {isa = PBXFileReference; lastKnownFileType = sourcecode.swift; path = AppDelegate.swift; sourceTree = "<group>"; };
		C2E60C6D29DAEDB800164371 /* SceneDelegate.swift */ = {isa = PBXFileReference; lastKnownFileType = sourcecode.swift; path = SceneDelegate.swift; sourceTree = "<group>"; };
		C2E60C6F29DAEDB800164371 /* SettingViewController.swift */ = {isa = PBXFileReference; lastKnownFileType = sourcecode.swift; path = SettingViewController.swift; sourceTree = "<group>"; };
		C2E60C7229DAEDB800164371 /* Base */ = {isa = PBXFileReference; lastKnownFileType = file.storyboard; name = Base; path = Base.lproj/Main.storyboard; sourceTree = "<group>"; };
		C2E60C7429DAEDB900164371 /* Assets.xcassets */ = {isa = PBXFileReference; lastKnownFileType = folder.assetcatalog; path = Assets.xcassets; sourceTree = "<group>"; };
		C2E60C7729DAEDB900164371 /* Base */ = {isa = PBXFileReference; lastKnownFileType = file.storyboard; name = Base; path = Base.lproj/LaunchScreen.storyboard; sourceTree = "<group>"; };
		C2E60C7929DAEDB900164371 /* Info.plist */ = {isa = PBXFileReference; lastKnownFileType = text.plist.xml; path = Info.plist; sourceTree = "<group>"; };
		C2E6E8722A13A6AF001B669D /* InfoViewController.swift */ = {isa = PBXFileReference; lastKnownFileType = sourcecode.swift; path = InfoViewController.swift; sourceTree = "<group>"; };
		C2E6E8742A13AFB7001B669D /* Gym.swift */ = {isa = PBXFileReference; lastKnownFileType = sourcecode.swift; path = Gym.swift; sourceTree = "<group>"; };
		C2F6C09B2A2D7B160086F033 /* SessionDelegator.swift */ = {isa = PBXFileReference; lastKnownFileType = sourcecode.swift; path = SessionDelegator.swift; sourceTree = "<group>"; };
		C2F6C0A12A2D7BAB0086F033 /* Assistant.swift */ = {isa = PBXFileReference; lastKnownFileType = sourcecode.swift; path = Assistant.swift; sourceTree = "<group>"; };
		C2F6C0A42A2D7D5D0086F033 /* ComplicationController.swift */ = {isa = PBXFileReference; lastKnownFileType = sourcecode.swift; path = ComplicationController.swift; sourceTree = "<group>"; };
/* End PBXFileReference section */

/* Begin PBXFrameworksBuildPhase section */
		C2A0A6B32A237CA5003C8F02 /* Frameworks */ = {
			isa = PBXFrameworksBuildPhase;
			buildActionMask = 2147483647;
			files = (
				C23AEBA02A2C75230080F771 /* RealmSwift in Frameworks */,
				C23AEB9E2A2C75230080F771 /* Realm in Frameworks */,
			);
			runOnlyForDeploymentPostprocessing = 0;
		};
		C2E60C6529DAEDB800164371 /* Frameworks */ = {
			isa = PBXFrameworksBuildPhase;
			buildActionMask = 2147483647;
			files = (
				C293C96F2A01458300987CA5 /* Highcharts in Frameworks */,
				C2F31E2E2A1CF8E700C03DE3 /* KakaoSDK in Frameworks */,
				C2D63F0129DBF56C00885BB4 /* FSCalendar in Frameworks */,
				D2CD3C78E8D00AA085ACE5C3 /* Pods_WOWA.framework in Frameworks */,
			);
			runOnlyForDeploymentPostprocessing = 0;
		};
/* End PBXFrameworksBuildPhase section */

/* Begin PBXGroup section */
		33149CF93ADE2B27E5E97344 /* Frameworks */ = {
			isa = PBXGroup;
			children = (
				C0C94EF4D86BCFF9759B4A8C /* Pods_WOWA.framework */,
			);
			name = Frameworks;
			sourceTree = "<group>";
		};
		8109045D89070F80572DF8A8 /* Pods */ = {
			isa = PBXGroup;
			children = (
				341CB4086113C93705ED81BF /* Pods-WOWA.debug.xcconfig */,
				AC1BA1652F76B9008A35AEFF /* Pods-WOWA.release.xcconfig */,
			);
			path = Pods;
			sourceTree = "<group>";
		};
		C20FE14929DAFECC009EF3D0 /* Controller */ = {
			isa = PBXGroup;
			children = (
				C2E60C6F29DAEDB800164371 /* SettingViewController.swift */,
				C2D63F0229DBF5E700885BB4 /* MainViewController.swift */,
				C2D63F0629DC389200885BB4 /* RoutineViewController.swift */,
				C2DFB56729E0411900D250DC /* AddWorkViewController.swift */,
				C2034AD729E5955500491FA5 /* MyViewCotroller.swift */,
				C292DBD329E6747D00EB97C8 /* NewRoutineViewController.swift */,
				C292DBD529E6750E00EB97C8 /* EditRoutineViewController.swift */,
				C224F7CD29F6B83B00105042 /* AddRoutineViewController.swift */,
				C2E6E8722A13A6AF001B669D /* InfoViewController.swift */,
			);
			path = Controller;
			sourceTree = "<group>";
		};
		C20FE14A29DAFEE4009EF3D0 /* View */ = {
			isa = PBXGroup;
			children = (
				C2E60C7129DAEDB800164371 /* Main.storyboard */,
				C2E60C7629DAEDB900164371 /* LaunchScreen.storyboard */,
				C2DFB56129E02C1700D250DC /* RoutineListCell.swift */,
				C2DFB56229E02C1700D250DC /* RoutineListCell.xib */,
				C2C5944629F2A25200ED847B /* MainTableViewCell.swift */,
				C2C5944729F2A25200ED847B /* MainTableViewCell.xib */,
				C287758C2A330930001F3EE1 /* RoutineTableHeader.swift */,
				C287758D2A330930001F3EE1 /* RoutineTableHeader.xib */,
			);
			path = View;
			sourceTree = "<group>";
		};
		C2460D3529DD54E1006A237C /* Model */ = {
			isa = PBXGroup;
			children = (
				C27A5DB429DEE40A00C00786 /* DatabaseManager.swift */,
				C2460D3629DD6BE4006A237C /* Work.swift */,
				C2B00FB629E4410D0028D874 /* Routine.swift */,
				C2CE553629E981170035E2C1 /* Schedule.swift */,
				C297631929F3D2A10056B211 /* Weight.swift */,
				C2E6E8742A13AFB7001B669D /* Gym.swift */,
				C23A41122A16155A00A99590 /* SettingInfo.swift */,
			);
			path = Model;
			sourceTree = "<group>";
		};
		C2A0A6B72A237CA5003C8F02 /* WOWATACH Watch App */ = {
			isa = PBXGroup;
			children = (
				C23AEBA82A2C78C00080F771 /* WOWATACH Watch App.entitlements */,
				C2A0A6B82A237CA5003C8F02 /* WOWATACHApp.swift */,
				C2C21CB02A26E6EF009C0807 /* View */,
				C2A0A6BC2A237CA6003C8F02 /* Assets.xcassets */,
				C2A0A6BE2A237CA6003C8F02 /* Preview Content */,
				C2F6C0A42A2D7D5D0086F033 /* ComplicationController.swift */,
			);
			path = "WOWATACH Watch App";
			sourceTree = "<group>";
		};
		C2A0A6BE2A237CA6003C8F02 /* Preview Content */ = {
			isa = PBXGroup;
			children = (
				C2A0A6BF2A237CA6003C8F02 /* Preview Assets.xcassets */,
			);
			path = "Preview Content";
			sourceTree = "<group>";
		};
		C2B516792A4C662E00801999 /* WOWA-2022 */ = {
			isa = PBXGroup;
			children = (
				C2B516782A4C662700801999 /* main.ino */,
			);
			path = "WOWA-2022";
			sourceTree = "<group>";
		};
		C2C21CB02A26E6EF009C0807 /* View */ = {
			isa = PBXGroup;
			children = (
				C2C21CAE2A26E6E7009C0807 /* MainView.swift */,
				C2C21CB12A26EEC4009C0807 /* RoutineView.swift */,
				C2A0A6BA2A237CA5003C8F02 /* CountView.swift */,
			);
			path = View;
			sourceTree = "<group>";
		};
		C2E60C5F29DAEDB800164371 = {
			isa = PBXGroup;
			children = (
				C2B516772A4C642200801999 /* README.md */,
				C2B516792A4C662E00801999 /* WOWA-2022 */,
				C2F6C09A2A2D7B010086F033 /* Shared */,
				C2E60C6A29DAEDB800164371 /* WOWA */,
				C2A0A6B72A237CA5003C8F02 /* WOWATACH Watch App */,
				C2E60C6929DAEDB800164371 /* Products */,
				8109045D89070F80572DF8A8 /* Pods */,
				33149CF93ADE2B27E5E97344 /* Frameworks */,
			);
			sourceTree = "<group>";
		};
		C2E60C6929DAEDB800164371 /* Products */ = {
			isa = PBXGroup;
			children = (
				C2E60C6829DAEDB800164371 /* WOWA.app */,
				C2A0A6B62A237CA5003C8F02 /* WOWATACH Watch App.app */,
			);
			name = Products;
			sourceTree = "<group>";
		};
		C2E60C6A29DAEDB800164371 /* WOWA */ = {
			isa = PBXGroup;
			children = (
				C23AEB9A2A2C70970080F771 /* WOWA.entitlements */,
				C2E60C6B29DAEDB800164371 /* AppDelegate.swift */,
				C2E60C6D29DAEDB800164371 /* SceneDelegate.swift */,
				C2460D3529DD54E1006A237C /* Model */,
				C20FE14929DAFECC009EF3D0 /* Controller */,
				C20FE14A29DAFEE4009EF3D0 /* View */,
				C2E60C7429DAEDB900164371 /* Assets.xcassets */,
				C2E60C7929DAEDB900164371 /* Info.plist */,
				C2DFB56529E0400C00D250DC /* Constants.swift */,
			);
			path = WOWA;
			sourceTree = "<group>";
		};
		C2F6C09A2A2D7B010086F033 /* Shared */ = {
			isa = PBXGroup;
			children = (
				C2F6C09B2A2D7B160086F033 /* SessionDelegator.swift */,
				C2F6C0A12A2D7BAB0086F033 /* Assistant.swift */,
			);
			path = Shared;
			sourceTree = "<group>";
		};
/* End PBXGroup section */

/* Begin PBXNativeTarget section */
		C2A0A6B52A237CA5003C8F02 /* WOWATACH Watch App */ = {
			isa = PBXNativeTarget;
			buildConfigurationList = C2A0A6C72A237CA6003C8F02 /* Build configuration list for PBXNativeTarget "WOWATACH Watch App" */;
			buildPhases = (
				C2A0A6B22A237CA5003C8F02 /* Sources */,
				C2A0A6B32A237CA5003C8F02 /* Frameworks */,
				C2A0A6B42A237CA5003C8F02 /* Resources */,
			);
			buildRules = (
			);
			dependencies = (
			);
			name = "WOWATACH Watch App";
			packageProductDependencies = (
				C23AEB9D2A2C75220080F771 /* Realm */,
				C23AEB9F2A2C75230080F771 /* RealmSwift */,
			);
			productName = "WOWATACH Watch App";
			productReference = C2A0A6B62A237CA5003C8F02 /* WOWATACH Watch App.app */;
			productType = "com.apple.product-type.application";
		};
		C2E60C6729DAEDB800164371 /* WOWA */ = {
			isa = PBXNativeTarget;
			buildConfigurationList = C2E60C7C29DAEDB900164371 /* Build configuration list for PBXNativeTarget "WOWA" */;
			buildPhases = (
				EB552949DF78940B1FE7B16E /* [CP] Check Pods Manifest.lock */,
				C2E60C6429DAEDB800164371 /* Sources */,
				C2E60C6529DAEDB800164371 /* Frameworks */,
				C2E60C6629DAEDB800164371 /* Resources */,
				BC3B118276F5AFAF7F7275F8 /* [CP] Embed Pods Frameworks */,
				C2A0A6C42A237CA6003C8F02 /* Embed Watch Content */,
			);
			buildRules = (
			);
			dependencies = (
				C2A0A6C22A237CA6003C8F02 /* PBXTargetDependency */,
			);
			name = WOWA;
			packageProductDependencies = (
				C2D63F0029DBF56C00885BB4 /* FSCalendar */,
				C293C96E2A01458300987CA5 /* Highcharts */,
				C2F31E2D2A1CF8E700C03DE3 /* KakaoSDK */,
			);
			productName = WOWA;
			productReference = C2E60C6829DAEDB800164371 /* WOWA.app */;
			productType = "com.apple.product-type.application";
		};
/* End PBXNativeTarget section */

/* Begin PBXProject section */
		C2E60C6029DAEDB800164371 /* Project object */ = {
			isa = PBXProject;
			attributes = {
				BuildIndependentTargetsInParallel = 1;
				LastSwiftUpdateCheck = 1430;
				LastUpgradeCheck = 1420;
				TargetAttributes = {
					C2A0A6B52A237CA5003C8F02 = {
						CreatedOnToolsVersion = 14.3;
					};
					C2E60C6729DAEDB800164371 = {
						CreatedOnToolsVersion = 14.2;
					};
				};
			};
			buildConfigurationList = C2E60C6329DAEDB800164371 /* Build configuration list for PBXProject "WOWA" */;
			compatibilityVersion = "Xcode 14.0";
			developmentRegion = en;
			hasScannedForEncodings = 0;
			knownRegions = (
				en,
				Base,
			);
			mainGroup = C2E60C5F29DAEDB800164371;
			packageReferences = (
				C2D63EFF29DBF56C00885BB4 /* XCRemoteSwiftPackageReference "FSCalendar" */,
				C293C96D2A01458300987CA5 /* XCRemoteSwiftPackageReference "highcharts-ios" */,
				C2F31E2C2A1CF8E700C03DE3 /* XCRemoteSwiftPackageReference "kakao-ios-sdk" */,
				C23AEB9C2A2C75220080F771 /* XCRemoteSwiftPackageReference "realm-swift" */,
			);
			productRefGroup = C2E60C6929DAEDB800164371 /* Products */;
			projectDirPath = "";
			projectRoot = "";
			targets = (
				C2E60C6729DAEDB800164371 /* WOWA */,
				C2A0A6B52A237CA5003C8F02 /* WOWATACH Watch App */,
			);
		};
/* End PBXProject section */

/* Begin PBXResourcesBuildPhase section */
		C2A0A6B42A237CA5003C8F02 /* Resources */ = {
			isa = PBXResourcesBuildPhase;
			buildActionMask = 2147483647;
			files = (
				C2A0A6C02A237CA6003C8F02 /* Preview Assets.xcassets in Resources */,
				C2A0A6BD2A237CA6003C8F02 /* Assets.xcassets in Resources */,
			);
			runOnlyForDeploymentPostprocessing = 0;
		};
		C2E60C6629DAEDB800164371 /* Resources */ = {
			isa = PBXResourcesBuildPhase;
			buildActionMask = 2147483647;
			files = (
				C2C5944929F2A25200ED847B /* MainTableViewCell.xib in Resources */,
				C2DFB56429E02C1700D250DC /* RoutineListCell.xib in Resources */,
				C2E60C7829DAEDB900164371 /* LaunchScreen.storyboard in Resources */,
				C2E60C7529DAEDB900164371 /* Assets.xcassets in Resources */,
				C287758F2A330930001F3EE1 /* RoutineTableHeader.xib in Resources */,
				C2E60C7329DAEDB800164371 /* Main.storyboard in Resources */,
			);
			runOnlyForDeploymentPostprocessing = 0;
		};
/* End PBXResourcesBuildPhase section */

/* Begin PBXShellScriptBuildPhase section */
		BC3B118276F5AFAF7F7275F8 /* [CP] Embed Pods Frameworks */ = {
			isa = PBXShellScriptBuildPhase;
			buildActionMask = 2147483647;
			files = (
			);
			inputFileListPaths = (
				"${PODS_ROOT}/Target Support Files/Pods-WOWA/Pods-WOWA-frameworks-${CONFIGURATION}-input-files.xcfilelist",
			);
			name = "[CP] Embed Pods Frameworks";
			outputFileListPaths = (
				"${PODS_ROOT}/Target Support Files/Pods-WOWA/Pods-WOWA-frameworks-${CONFIGURATION}-output-files.xcfilelist",
			);
			runOnlyForDeploymentPostprocessing = 0;
			shellPath = /bin/sh;
			shellScript = "\"${PODS_ROOT}/Target Support Files/Pods-WOWA/Pods-WOWA-frameworks.sh\"\n";
			showEnvVarsInLog = 0;
		};
		EB552949DF78940B1FE7B16E /* [CP] Check Pods Manifest.lock */ = {
			isa = PBXShellScriptBuildPhase;
			buildActionMask = 2147483647;
			files = (
			);
			inputFileListPaths = (
			);
			inputPaths = (
				"${PODS_PODFILE_DIR_PATH}/Podfile.lock",
				"${PODS_ROOT}/Manifest.lock",
			);
			name = "[CP] Check Pods Manifest.lock";
			outputFileListPaths = (
			);
			outputPaths = (
				"$(DERIVED_FILE_DIR)/Pods-WOWA-checkManifestLockResult.txt",
			);
			runOnlyForDeploymentPostprocessing = 0;
			shellPath = /bin/sh;
			shellScript = "diff \"${PODS_PODFILE_DIR_PATH}/Podfile.lock\" \"${PODS_ROOT}/Manifest.lock\" > /dev/null\nif [ $? != 0 ] ; then\n    # print error to STDERR\n    echo \"error: The sandbox is not in sync with the Podfile.lock. Run 'pod install' or update your CocoaPods installation.\" >&2\n    exit 1\nfi\n# This output is used by Xcode 'outputs' to avoid re-running this script phase.\necho \"SUCCESS\" > \"${SCRIPT_OUTPUT_FILE_0}\"\n";
			showEnvVarsInLog = 0;
		};
/* End PBXShellScriptBuildPhase section */

/* Begin PBXSourcesBuildPhase section */
		C2A0A6B22A237CA5003C8F02 /* Sources */ = {
			isa = PBXSourcesBuildPhase;
			buildActionMask = 2147483647;
			files = (
				C2F6C09D2A2D7B180086F033 /* SessionDelegator.swift in Sources */,
				C2A0A6BB2A237CA5003C8F02 /* CountView.swift in Sources */,
				C2225A892A30A7C600C10ECF /* DatabaseManager.swift in Sources */,
				C291EAA22A30A572009F17D0 /* Assistant.swift in Sources */,
				C2F6C0A52A2D7D5D0086F033 /* ComplicationController.swift in Sources */,
				C23AEBA62A2C760F0080F771 /* Weight.swift in Sources */,
				C23AEBA72A2C760F0080F771 /* SettingInfo.swift in Sources */,
				C23AEBA32A2C760F0080F771 /* Gym.swift in Sources */,
				C23AEBA52A2C760F0080F771 /* Work.swift in Sources */,
				C2A0A6B92A237CA5003C8F02 /* WOWATACHApp.swift in Sources */,
				C2C21CB22A26EEC4009C0807 /* RoutineView.swift in Sources */,
				C23AEBA42A2C760F0080F771 /* Routine.swift in Sources */,
				C2C21CAF2A26E6E7009C0807 /* MainView.swift in Sources */,
				C23AEBA22A2C760F0080F771 /* Schedule.swift in Sources */,
				C2A0A6C82A238072003C8F02 /* Constants.swift in Sources */,
			);
			runOnlyForDeploymentPostprocessing = 0;
		};
		C2E60C6429DAEDB800164371 /* Sources */ = {
			isa = PBXSourcesBuildPhase;
			buildActionMask = 2147483647;
			files = (
				C292DBD429E6747D00EB97C8 /* NewRoutineViewController.swift in Sources */,
				C224F7CE29F6B83B00105042 /* AddRoutineViewController.swift in Sources */,
				C2E60C7029DAEDB800164371 /* SettingViewController.swift in Sources */,
				C297631A29F3D2A10056B211 /* Weight.swift in Sources */,
				C2F6C0A22A2D7BAB0086F033 /* Assistant.swift in Sources */,
				C2460D3729DD6BE4006A237C /* Work.swift in Sources */,
				C23A41132A16155A00A99590 /* SettingInfo.swift in Sources */,
				C2E6E8752A13AFB7001B669D /* Gym.swift in Sources */,
				C2DFB56329E02C1700D250DC /* RoutineListCell.swift in Sources */,
				C2034AD829E5955500491FA5 /* MyViewCotroller.swift in Sources */,
				C287758E2A330930001F3EE1 /* RoutineTableHeader.swift in Sources */,
				C2C5944829F2A25200ED847B /* MainTableViewCell.swift in Sources */,
				C2CE553729E981170035E2C1 /* Schedule.swift in Sources */,
				C2F6C09C2A2D7B160086F033 /* SessionDelegator.swift in Sources */,
				C2DFB56829E0411900D250DC /* AddWorkViewController.swift in Sources */,
				C2E60C6C29DAEDB800164371 /* AppDelegate.swift in Sources */,
				C2E60C6E29DAEDB800164371 /* SceneDelegate.swift in Sources */,
				C2D63F0329DBF5E700885BB4 /* MainViewController.swift in Sources */,
				C292DBD629E6750E00EB97C8 /* EditRoutineViewController.swift in Sources */,
				C2B00FB729E4410D0028D874 /* Routine.swift in Sources */,
				C2D63F0729DC389200885BB4 /* RoutineViewController.swift in Sources */,
				C27A5DB529DEE40A00C00786 /* DatabaseManager.swift in Sources */,
				C2DFB56629E0400C00D250DC /* Constants.swift in Sources */,
				C2E6E8732A13A6AF001B669D /* InfoViewController.swift in Sources */,
			);
			runOnlyForDeploymentPostprocessing = 0;
		};
/* End PBXSourcesBuildPhase section */

/* Begin PBXTargetDependency section */
		C2A0A6C22A237CA6003C8F02 /* PBXTargetDependency */ = {
			isa = PBXTargetDependency;
			target = C2A0A6B52A237CA5003C8F02 /* WOWATACH Watch App */;
			targetProxy = C2A0A6C12A237CA6003C8F02 /* PBXContainerItemProxy */;
		};
/* End PBXTargetDependency section */

/* Begin PBXVariantGroup section */
		C2E60C7129DAEDB800164371 /* Main.storyboard */ = {
			isa = PBXVariantGroup;
			children = (
				C2E60C7229DAEDB800164371 /* Base */,
			);
			name = Main.storyboard;
			sourceTree = "<group>";
		};
		C2E60C7629DAEDB900164371 /* LaunchScreen.storyboard */ = {
			isa = PBXVariantGroup;
			children = (
				C2E60C7729DAEDB900164371 /* Base */,
			);
			name = LaunchScreen.storyboard;
			sourceTree = "<group>";
		};
/* End PBXVariantGroup section */

/* Begin XCBuildConfiguration section */
		C2A0A6C52A237CA6003C8F02 /* Debug */ = {
			isa = XCBuildConfiguration;
			buildSettings = {
				ASSETCATALOG_COMPILER_APPICON_NAME = AppIcon;
				ASSETCATALOG_COMPILER_GLOBAL_ACCENT_COLOR_NAME = AccentColor;
				CODE_SIGN_ENTITLEMENTS = "WOWATACH Watch App/WOWATACH Watch App.entitlements";
				CODE_SIGN_STYLE = Automatic;
				CURRENT_PROJECT_VERSION = 1;
				DEVELOPMENT_ASSET_PATHS = "\"WOWATACH Watch App/Preview Content\"";
				DEVELOPMENT_TEAM = ULF3FT8T5G;
				ENABLE_PREVIEWS = YES;
				GENERATE_INFOPLIST_FILE = YES;
				INFOPLIST_KEY_CFBundleDisplayName = WOWATACH;
				INFOPLIST_KEY_UISupportedInterfaceOrientations = "UIInterfaceOrientationPortrait UIInterfaceOrientationPortraitUpsideDown";
				INFOPLIST_KEY_WKCompanionAppBundleIdentifier = "com.nu-jey.WOWA";
				INFOPLIST_KEY_WKRunsIndependentlyOfCompanionApp = NO;
				LD_RUNPATH_SEARCH_PATHS = (
					"$(inherited)",
					"@executable_path/Frameworks",
				);
				MARKETING_VERSION = 1.0;
				PRODUCT_BUNDLE_IDENTIFIER = "com.nu-jey.WOWA.watchkitapp";
				PRODUCT_NAME = "$(TARGET_NAME)";
				SDKROOT = watchos;
				SKIP_INSTALL = YES;
				SWIFT_EMIT_LOC_STRINGS = YES;
				SWIFT_VERSION = 5.0;
				TARGETED_DEVICE_FAMILY = 4;
				WATCHOS_DEPLOYMENT_TARGET = 9.4;
			};
			name = Debug;
		};
		C2A0A6C62A237CA6003C8F02 /* Release */ = {
			isa = XCBuildConfiguration;
			buildSettings = {
				ASSETCATALOG_COMPILER_APPICON_NAME = AppIcon;
				ASSETCATALOG_COMPILER_GLOBAL_ACCENT_COLOR_NAME = AccentColor;
				CODE_SIGN_ENTITLEMENTS = "WOWATACH Watch App/WOWATACH Watch App.entitlements";
				CODE_SIGN_STYLE = Automatic;
				CURRENT_PROJECT_VERSION = 1;
				DEVELOPMENT_ASSET_PATHS = "\"WOWATACH Watch App/Preview Content\"";
				DEVELOPMENT_TEAM = ULF3FT8T5G;
				ENABLE_PREVIEWS = YES;
				GENERATE_INFOPLIST_FILE = YES;
				INFOPLIST_KEY_CFBundleDisplayName = WOWATACH;
				INFOPLIST_KEY_UISupportedInterfaceOrientations = "UIInterfaceOrientationPortrait UIInterfaceOrientationPortraitUpsideDown";
				INFOPLIST_KEY_WKCompanionAppBundleIdentifier = "com.nu-jey.WOWA";
				INFOPLIST_KEY_WKRunsIndependentlyOfCompanionApp = NO;
				LD_RUNPATH_SEARCH_PATHS = (
					"$(inherited)",
					"@executable_path/Frameworks",
				);
				MARKETING_VERSION = 1.0;
				PRODUCT_BUNDLE_IDENTIFIER = "com.nu-jey.WOWA.watchkitapp";
				PRODUCT_NAME = "$(TARGET_NAME)";
				SDKROOT = watchos;
				SKIP_INSTALL = YES;
				SWIFT_EMIT_LOC_STRINGS = YES;
				SWIFT_VERSION = 5.0;
				TARGETED_DEVICE_FAMILY = 4;
				WATCHOS_DEPLOYMENT_TARGET = 9.4;
			};
			name = Release;
		};
		C2E60C7A29DAEDB900164371 /* Debug */ = {
			isa = XCBuildConfiguration;
			buildSettings = {
				ALWAYS_SEARCH_USER_PATHS = NO;
				CLANG_ANALYZER_NONNULL = YES;
				CLANG_ANALYZER_NUMBER_OBJECT_CONVERSION = YES_AGGRESSIVE;
				CLANG_CXX_LANGUAGE_STANDARD = "gnu++20";
				CLANG_ENABLE_MODULES = YES;
				CLANG_ENABLE_OBJC_ARC = YES;
				CLANG_ENABLE_OBJC_WEAK = YES;
				CLANG_WARN_BLOCK_CAPTURE_AUTORELEASING = YES;
				CLANG_WARN_BOOL_CONVERSION = YES;
				CLANG_WARN_COMMA = YES;
				CLANG_WARN_CONSTANT_CONVERSION = YES;
				CLANG_WARN_DEPRECATED_OBJC_IMPLEMENTATIONS = YES;
				CLANG_WARN_DIRECT_OBJC_ISA_USAGE = YES_ERROR;
				CLANG_WARN_DOCUMENTATION_COMMENTS = YES;
				CLANG_WARN_EMPTY_BODY = YES;
				CLANG_WARN_ENUM_CONVERSION = YES;
				CLANG_WARN_INFINITE_RECURSION = YES;
				CLANG_WARN_INT_CONVERSION = YES;
				CLANG_WARN_NON_LITERAL_NULL_CONVERSION = YES;
				CLANG_WARN_OBJC_IMPLICIT_RETAIN_SELF = YES;
				CLANG_WARN_OBJC_LITERAL_CONVERSION = YES;
				CLANG_WARN_OBJC_ROOT_CLASS = YES_ERROR;
				CLANG_WARN_QUOTED_INCLUDE_IN_FRAMEWORK_HEADER = YES;
				CLANG_WARN_RANGE_LOOP_ANALYSIS = YES;
				CLANG_WARN_STRICT_PROTOTYPES = YES;
				CLANG_WARN_SUSPICIOUS_MOVE = YES;
				CLANG_WARN_UNGUARDED_AVAILABILITY = YES_AGGRESSIVE;
				CLANG_WARN_UNREACHABLE_CODE = YES;
				CLANG_WARN__DUPLICATE_METHOD_MATCH = YES;
				COPY_PHASE_STRIP = NO;
				DEBUG_INFORMATION_FORMAT = dwarf;
				ENABLE_STRICT_OBJC_MSGSEND = YES;
				ENABLE_TESTABILITY = YES;
				GCC_C_LANGUAGE_STANDARD = gnu11;
				GCC_DYNAMIC_NO_PIC = NO;
				GCC_NO_COMMON_BLOCKS = YES;
				GCC_OPTIMIZATION_LEVEL = 0;
				GCC_PREPROCESSOR_DEFINITIONS = (
					"DEBUG=1",
					"$(inherited)",
				);
				GCC_WARN_64_TO_32_BIT_CONVERSION = YES;
				GCC_WARN_ABOUT_RETURN_TYPE = YES_ERROR;
				GCC_WARN_UNDECLARED_SELECTOR = YES;
				GCC_WARN_UNINITIALIZED_AUTOS = YES_AGGRESSIVE;
				GCC_WARN_UNUSED_FUNCTION = YES;
				GCC_WARN_UNUSED_VARIABLE = YES;
				IPHONEOS_DEPLOYMENT_TARGET = 16.2;
				MTL_ENABLE_DEBUG_INFO = INCLUDE_SOURCE;
				MTL_FAST_MATH = YES;
				ONLY_ACTIVE_ARCH = YES;
				SDKROOT = iphoneos;
				SWIFT_ACTIVE_COMPILATION_CONDITIONS = DEBUG;
				SWIFT_OPTIMIZATION_LEVEL = "-Onone";
			};
			name = Debug;
		};
		C2E60C7B29DAEDB900164371 /* Release */ = {
			isa = XCBuildConfiguration;
			buildSettings = {
				ALWAYS_SEARCH_USER_PATHS = NO;
				CLANG_ANALYZER_NONNULL = YES;
				CLANG_ANALYZER_NUMBER_OBJECT_CONVERSION = YES_AGGRESSIVE;
				CLANG_CXX_LANGUAGE_STANDARD = "gnu++20";
				CLANG_ENABLE_MODULES = YES;
				CLANG_ENABLE_OBJC_ARC = YES;
				CLANG_ENABLE_OBJC_WEAK = YES;
				CLANG_WARN_BLOCK_CAPTURE_AUTORELEASING = YES;
				CLANG_WARN_BOOL_CONVERSION = YES;
				CLANG_WARN_COMMA = YES;
				CLANG_WARN_CONSTANT_CONVERSION = YES;
				CLANG_WARN_DEPRECATED_OBJC_IMPLEMENTATIONS = YES;
				CLANG_WARN_DIRECT_OBJC_ISA_USAGE = YES_ERROR;
				CLANG_WARN_DOCUMENTATION_COMMENTS = YES;
				CLANG_WARN_EMPTY_BODY = YES;
				CLANG_WARN_ENUM_CONVERSION = YES;
				CLANG_WARN_INFINITE_RECURSION = YES;
				CLANG_WARN_INT_CONVERSION = YES;
				CLANG_WARN_NON_LITERAL_NULL_CONVERSION = YES;
				CLANG_WARN_OBJC_IMPLICIT_RETAIN_SELF = YES;
				CLANG_WARN_OBJC_LITERAL_CONVERSION = YES;
				CLANG_WARN_OBJC_ROOT_CLASS = YES_ERROR;
				CLANG_WARN_QUOTED_INCLUDE_IN_FRAMEWORK_HEADER = YES;
				CLANG_WARN_RANGE_LOOP_ANALYSIS = YES;
				CLANG_WARN_STRICT_PROTOTYPES = YES;
				CLANG_WARN_SUSPICIOUS_MOVE = YES;
				CLANG_WARN_UNGUARDED_AVAILABILITY = YES_AGGRESSIVE;
				CLANG_WARN_UNREACHABLE_CODE = YES;
				CLANG_WARN__DUPLICATE_METHOD_MATCH = YES;
				COPY_PHASE_STRIP = NO;
				DEBUG_INFORMATION_FORMAT = "dwarf-with-dsym";
				ENABLE_NS_ASSERTIONS = NO;
				ENABLE_STRICT_OBJC_MSGSEND = YES;
				GCC_C_LANGUAGE_STANDARD = gnu11;
				GCC_NO_COMMON_BLOCKS = YES;
				GCC_WARN_64_TO_32_BIT_CONVERSION = YES;
				GCC_WARN_ABOUT_RETURN_TYPE = YES_ERROR;
				GCC_WARN_UNDECLARED_SELECTOR = YES;
				GCC_WARN_UNINITIALIZED_AUTOS = YES_AGGRESSIVE;
				GCC_WARN_UNUSED_FUNCTION = YES;
				GCC_WARN_UNUSED_VARIABLE = YES;
				IPHONEOS_DEPLOYMENT_TARGET = 16.2;
				MTL_ENABLE_DEBUG_INFO = NO;
				MTL_FAST_MATH = YES;
				SDKROOT = iphoneos;
				SWIFT_COMPILATION_MODE = wholemodule;
				SWIFT_OPTIMIZATION_LEVEL = "-O";
				VALIDATE_PRODUCT = YES;
			};
			name = Release;
		};
		C2E60C7D29DAEDB900164371 /* Debug */ = {
			isa = XCBuildConfiguration;
			baseConfigurationReference = 341CB4086113C93705ED81BF /* Pods-WOWA.debug.xcconfig */;
			buildSettings = {
				ALWAYS_EMBED_SWIFT_STANDARD_LIBRARIES = YES;
				ASSETCATALOG_COMPILER_APPICON_NAME = AppIcon;
				ASSETCATALOG_COMPILER_GLOBAL_ACCENT_COLOR_NAME = AccentColor;
				CODE_SIGN_ENTITLEMENTS = WOWA/WOWA.entitlements;
				CODE_SIGN_STYLE = Automatic;
				CURRENT_PROJECT_VERSION = 1;
				DEVELOPMENT_TEAM = ULF3FT8T5G;
				GENERATE_INFOPLIST_FILE = YES;
				INFOPLIST_FILE = WOWA/Info.plist;
				INFOPLIST_KEY_NSLocationWhenInUseUsageDescription = "위치 정보 제공을 동의 ?";
				INFOPLIST_KEY_UIApplicationSupportsIndirectInputEvents = YES;
				INFOPLIST_KEY_UILaunchStoryboardName = LaunchScreen;
				INFOPLIST_KEY_UIMainStoryboardFile = Main;
				INFOPLIST_KEY_UISupportedInterfaceOrientations_iPad = "UIInterfaceOrientationPortrait UIInterfaceOrientationPortraitUpsideDown UIInterfaceOrientationLandscapeLeft UIInterfaceOrientationLandscapeRight";
				INFOPLIST_KEY_UISupportedInterfaceOrientations_iPhone = "UIInterfaceOrientationPortrait UIInterfaceOrientationLandscapeLeft UIInterfaceOrientationLandscapeRight";
				LD_RUNPATH_SEARCH_PATHS = (
					"$(inherited)",
					"@executable_path/Frameworks",
				);
				MARKETING_VERSION = 1.0;
				PRODUCT_BUNDLE_IDENTIFIER = "com.nu-jey.WOWA";
				PRODUCT_NAME = "$(TARGET_NAME)";
				SUPPORTED_PLATFORMS = "iphoneos iphonesimulator";
				SUPPORTS_MACCATALYST = NO;
				SUPPORTS_MAC_DESIGNED_FOR_IPHONE_IPAD = YES;
				SWIFT_EMIT_LOC_STRINGS = YES;
				SWIFT_VERSION = 5.0;
				TARGETED_DEVICE_FAMILY = "1,2";
			};
			name = Debug;
		};
		C2E60C7E29DAEDB900164371 /* Release */ = {
			isa = XCBuildConfiguration;
			baseConfigurationReference = AC1BA1652F76B9008A35AEFF /* Pods-WOWA.release.xcconfig */;
			buildSettings = {
				ALWAYS_EMBED_SWIFT_STANDARD_LIBRARIES = YES;
				ASSETCATALOG_COMPILER_APPICON_NAME = AppIcon;
				ASSETCATALOG_COMPILER_GLOBAL_ACCENT_COLOR_NAME = AccentColor;
				CODE_SIGN_ENTITLEMENTS = WOWA/WOWA.entitlements;
				CODE_SIGN_STYLE = Automatic;
				CURRENT_PROJECT_VERSION = 1;
				DEVELOPMENT_TEAM = ULF3FT8T5G;
				GENERATE_INFOPLIST_FILE = YES;
				INFOPLIST_FILE = WOWA/Info.plist;
				INFOPLIST_KEY_NSLocationWhenInUseUsageDescription = "위치 정보 제공을 동의 ?";
				INFOPLIST_KEY_UIApplicationSupportsIndirectInputEvents = YES;
				INFOPLIST_KEY_UILaunchStoryboardName = LaunchScreen;
				INFOPLIST_KEY_UIMainStoryboardFile = Main;
				INFOPLIST_KEY_UISupportedInterfaceOrientations_iPad = "UIInterfaceOrientationPortrait UIInterfaceOrientationPortraitUpsideDown UIInterfaceOrientationLandscapeLeft UIInterfaceOrientationLandscapeRight";
				INFOPLIST_KEY_UISupportedInterfaceOrientations_iPhone = "UIInterfaceOrientationPortrait UIInterfaceOrientationLandscapeLeft UIInterfaceOrientationLandscapeRight";
				LD_RUNPATH_SEARCH_PATHS = (
					"$(inherited)",
					"@executable_path/Frameworks",
				);
				MARKETING_VERSION = 1.0;
				PRODUCT_BUNDLE_IDENTIFIER = "com.nu-jey.WOWA";
				PRODUCT_NAME = "$(TARGET_NAME)";
				SUPPORTED_PLATFORMS = "iphoneos iphonesimulator";
				SUPPORTS_MACCATALYST = NO;
				SUPPORTS_MAC_DESIGNED_FOR_IPHONE_IPAD = YES;
				SWIFT_EMIT_LOC_STRINGS = YES;
				SWIFT_VERSION = 5.0;
				TARGETED_DEVICE_FAMILY = "1,2";
			};
			name = Release;
		};
/* End XCBuildConfiguration section */

/* Begin XCConfigurationList section */
		C2A0A6C72A237CA6003C8F02 /* Build configuration list for PBXNativeTarget "WOWATACH Watch App" */ = {
			isa = XCConfigurationList;
			buildConfigurations = (
				C2A0A6C52A237CA6003C8F02 /* Debug */,
				C2A0A6C62A237CA6003C8F02 /* Release */,
			);
			defaultConfigurationIsVisible = 0;
			defaultConfigurationName = Release;
		};
		C2E60C6329DAEDB800164371 /* Build configuration list for PBXProject "WOWA" */ = {
			isa = XCConfigurationList;
			buildConfigurations = (
				C2E60C7A29DAEDB900164371 /* Debug */,
				C2E60C7B29DAEDB900164371 /* Release */,
			);
			defaultConfigurationIsVisible = 0;
			defaultConfigurationName = Release;
		};
		C2E60C7C29DAEDB900164371 /* Build configuration list for PBXNativeTarget "WOWA" */ = {
			isa = XCConfigurationList;
			buildConfigurations = (
				C2E60C7D29DAEDB900164371 /* Debug */,
				C2E60C7E29DAEDB900164371 /* Release */,
			);
			defaultConfigurationIsVisible = 0;
			defaultConfigurationName = Release;
		};
/* End XCConfigurationList section */

/* Begin XCRemoteSwiftPackageReference section */
		C23AEB9C2A2C75220080F771 /* XCRemoteSwiftPackageReference "realm-swift" */ = {
			isa = XCRemoteSwiftPackageReference;
			repositoryURL = "https://github.com/realm/realm-swift.git";
			requirement = {
				branch = master;
				kind = branch;
			};
		};
		C293C96D2A01458300987CA5 /* XCRemoteSwiftPackageReference "highcharts-ios" */ = {
			isa = XCRemoteSwiftPackageReference;
			repositoryURL = "https://github.com/highcharts/highcharts-ios.git";
			requirement = {
				branch = master;
				kind = branch;
			};
		};
		C2D63EFF29DBF56C00885BB4 /* XCRemoteSwiftPackageReference "FSCalendar" */ = {
			isa = XCRemoteSwiftPackageReference;
			repositoryURL = "https://github.com/WenchaoD/FSCalendar.git";
			requirement = {
				kind = upToNextMajorVersion;
				minimumVersion = 2.0.0;
			};
		};
		C2F31E2C2A1CF8E700C03DE3 /* XCRemoteSwiftPackageReference "kakao-ios-sdk" */ = {
			isa = XCRemoteSwiftPackageReference;
			repositoryURL = "https://github.com/kakao/kakao-ios-sdk";
			requirement = {
				branch = master;
				kind = branch;
			};
		};
/* End XCRemoteSwiftPackageReference section */

/* Begin XCSwiftPackageProductDependency section */
		C23AEB9D2A2C75220080F771 /* Realm */ = {
			isa = XCSwiftPackageProductDependency;
			package = C23AEB9C2A2C75220080F771 /* XCRemoteSwiftPackageReference "realm-swift" */;
			productName = Realm;
		};
		C23AEB9F2A2C75230080F771 /* RealmSwift */ = {
			isa = XCSwiftPackageProductDependency;
			package = C23AEB9C2A2C75220080F771 /* XCRemoteSwiftPackageReference "realm-swift" */;
			productName = RealmSwift;
		};
		C293C96E2A01458300987CA5 /* Highcharts */ = {
			isa = XCSwiftPackageProductDependency;
			package = C293C96D2A01458300987CA5 /* XCRemoteSwiftPackageReference "highcharts-ios" */;
			productName = Highcharts;
		};
		C2D63F0029DBF56C00885BB4 /* FSCalendar */ = {
			isa = XCSwiftPackageProductDependency;
			package = C2D63EFF29DBF56C00885BB4 /* XCRemoteSwiftPackageReference "FSCalendar" */;
			productName = FSCalendar;
		};
		C2F31E2D2A1CF8E700C03DE3 /* KakaoSDK */ = {
			isa = XCSwiftPackageProductDependency;
			package = C2F31E2C2A1CF8E700C03DE3 /* XCRemoteSwiftPackageReference "kakao-ios-sdk" */;
			productName = KakaoSDK;
		};
/* End XCSwiftPackageProductDependency section */
	};
	rootObject = C2E60C6029DAEDB800164371 /* Project object */;
}
